// !$*UTF8*$!
{
	archiveVersion = 1;
	classes = {
	};
	objectVersion = 46;
	objects = {

/* Begin PBXBuildFile section */
		D82BEE6C1D3E7CE2002FD22C /* SecondViewController.m in Sources */ = {isa = PBXBuildFile; fileRef = D82BEE6B1D3E7CE2002FD22C /* SecondViewController.m */; };
		D883A3071D3534B9002840C1 /* main.m in Sources */ = {isa = PBXBuildFile; fileRef = D883A3061D3534B9002840C1 /* main.m */; };
		D883A30A1D3534B9002840C1 /* AppDelegate.m in Sources */ = {isa = PBXBuildFile; fileRef = D883A3091D3534B9002840C1 /* AppDelegate.m */; };
		D883A30D1D3534B9002840C1 /* ViewController.m in Sources */ = {isa = PBXBuildFile; fileRef = D883A30C1D3534B9002840C1 /* ViewController.m */; };
		D883A3101D3534B9002840C1 /* Main.storyboard in Resources */ = {isa = PBXBuildFile; fileRef = D883A30E1D3534B9002840C1 /* Main.storyboard */; };
		D883A3121D3534B9002840C1 /* Assets.xcassets in Resources */ = {isa = PBXBuildFile; fileRef = D883A3111D3534B9002840C1 /* Assets.xcassets */; };
		D883A3151D3534B9002840C1 /* LaunchScreen.storyboard in Resources */ = {isa = PBXBuildFile; fileRef = D883A3131D3534B9002840C1 /* LaunchScreen.storyboard */; };
		D883A3201D3534B9002840C1 /* digitalLeashChildAppUITests.m in Sources */ = {isa = PBXBuildFile; fileRef = D883A31F1D3534B9002840C1 /* digitalLeashChildAppUITests.m */; };
/* End PBXBuildFile section */

/* Begin PBXContainerItemProxy section */
		D883A31C1D3534B9002840C1 /* PBXContainerItemProxy */ = {
			isa = PBXContainerItemProxy;
			containerPortal = D883A2FA1D3534B9002840C1 /* Project object */;
			proxyType = 1;
			remoteGlobalIDString = D883A3011D3534B9002840C1;
			remoteInfo = digitalLeashChildApp;
		};
/* End PBXContainerItemProxy section */

/* Begin PBXFileReference section */
		D82BEE6A1D3E7CE2002FD22C /* SecondViewController.h */ = {isa = PBXFileReference; fileEncoding = 4; lastKnownFileType = sourcecode.c.h; path = SecondViewController.h; sourceTree = "<group>"; };
		D82BEE6B1D3E7CE2002FD22C /* SecondViewController.m */ = {isa = PBXFileReference; fileEncoding = 4; lastKnownFileType = sourcecode.c.objc; path = SecondViewController.m; sourceTree = "<group>"; };
		D883A3021D3534B9002840C1 /* digitalLeashChildApp.app */ = {isa = PBXFileReference; explicitFileType = wrapper.application; includeInIndex = 0; path = digitalLeashChildApp.app; sourceTree = BUILT_PRODUCTS_DIR; };
		D883A3061D3534B9002840C1 /* main.m */ = {isa = PBXFileReference; lastKnownFileType = sourcecode.c.objc; path = main.m; sourceTree = "<group>"; };
		D883A3081D3534B9002840C1 /* AppDelegate.h */ = {isa = PBXFileReference; lastKnownFileType = sourcecode.c.h; path = AppDelegate.h; sourceTree = "<group>"; };
		D883A3091D3534B9002840C1 /* AppDelegate.m */ = {isa = PBXFileReference; lastKnownFileType = sourcecode.c.objc; path = AppDelegate.m; sourceTree = "<group>"; };
		D883A30B1D3534B9002840C1 /* ViewController.h */ = {isa = PBXFileReference; lastKnownFileType = sourcecode.c.h; path = ViewController.h; sourceTree = "<group>"; };
		D883A30C1D3534B9002840C1 /* ViewController.m */ = {isa = PBXFileReference; lastKnownFileType = sourcecode.c.objc; path = ViewController.m; sourceTree = "<group>"; };
		D883A30F1D3534B9002840C1 /* Base */ = {isa = PBXFileReference; lastKnownFileType = file.storyboard; name = Base; path = Base.lproj/Main.storyboard; sourceTree = "<group>"; };
		D883A3111D3534B9002840C1 /* Assets.xcassets */ = {isa = PBXFileReference; lastKnownFileType = folder.assetcatalog; path = Assets.xcassets; sourceTree = "<group>"; };
		D883A3141D3534B9002840C1 /* Base */ = {isa = PBXFileReference; lastKnownFileType = file.storyboard; name = Base; path = Base.lproj/LaunchScreen.storyboard; sourceTree = "<group>"; };
		D883A3161D3534B9002840C1 /* Info.plist */ = {isa = PBXFileReference; lastKnownFileType = text.plist.xml; path = Info.plist; sourceTree = "<group>"; };
		D883A31B1D3534B9002840C1 /* digitalLeashChildAppUITests.xctest */ = {isa = PBXFileReference; explicitFileType = wrapper.cfbundle; includeInIndex = 0; path = digitalLeashChildAppUITests.xctest; sourceTree = BUILT_PRODUCTS_DIR; };
		D883A31F1D3534B9002840C1 /* digitalLeashChildAppUITests.m */ = {isa = PBXFileReference; lastKnownFileType = sourcecode.c.objc; path = digitalLeashChildAppUITests.m; sourceTree = "<group>"; };
		D883A3211D3534B9002840C1 /* Info.plist */ = {isa = PBXFileReference; lastKnownFileType = text.plist.xml; path = Info.plist; sourceTree = "<group>"; };
/* End PBXFileReference section */

/* Begin PBXFrameworksBuildPhase section */
		D883A2FF1D3534B9002840C1 /* Frameworks */ = {
			isa = PBXFrameworksBuildPhase;
			buildActionMask = 2147483647;
			files = (
			);
			runOnlyForDeploymentPostprocessing = 0;
		};
		D883A3181D3534B9002840C1 /* Frameworks */ = {
			isa = PBXFrameworksBuildPhase;
			buildActionMask = 2147483647;
			files = (
			);
			runOnlyForDeploymentPostprocessing = 0;
		};
/* End PBXFrameworksBuildPhase section */

/* Begin PBXGroup section */
		D883A2F91D3534B9002840C1 = {
			isa = PBXGroup;
			children = (
				D883A3041D3534B9002840C1 /* digitalLeashChildApp */,
				D883A31E1D3534B9002840C1 /* digitalLeashChildAppUITests */,
				D883A3031D3534B9002840C1 /* Products */,
			);
			sourceTree = "<group>";
		};
		D883A3031D3534B9002840C1 /* Products */ = {
			isa = PBXGroup;
			children = (
				D883A3021D3534B9002840C1 /* digitalLeashChildApp.app */,
				D883A31B1D3534B9002840C1 /* digitalLeashChildAppUITests.xctest */,
			);
			name = Products;
			sourceTree = "<group>";
		};
		D883A3041D3534B9002840C1 /* digitalLeashChildApp */ = {
			isa = PBXGroup;
			children = (
				D883A3081D3534B9002840C1 /* AppDelegate.h */,
				D883A3091D3534B9002840C1 /* AppDelegate.m */,
				D883A30B1D3534B9002840C1 /* ViewController.h */,
				D883A30C1D3534B9002840C1 /* ViewController.m */,
				D883A30E1D3534B9002840C1 /* Main.storyboard */,
				D82BEE6A1D3E7CE2002FD22C /* SecondViewController.h */,
				D82BEE6B1D3E7CE2002FD22C /* SecondViewController.m */,
				D883A3111D3534B9002840C1 /* Assets.xcassets */,
				D883A3131D3534B9002840C1 /* LaunchScreen.storyboard */,
				D883A3161D3534B9002840C1 /* Info.plist */,
				D883A3051D3534B9002840C1 /* Supporting Files */,
			);
			path = digitalLeashChildApp;
			sourceTree = "<group>";
		};
		D883A3051D3534B9002840C1 /* Supporting Files */ = {
			isa = PBXGroup;
			children = (
				D883A3061D3534B9002840C1 /* main.m */,
			);
			name = "Supporting Files";
			sourceTree = "<group>";
		};
		D883A31E1D3534B9002840C1 /* digitalLeashChildAppUITests */ = {
			isa = PBXGroup;
			children = (
				D883A31F1D3534B9002840C1 /* digitalLeashChildAppUITests.m */,
				D883A3211D3534B9002840C1 /* Info.plist */,
			);
			path = digitalLeashChildAppUITests;
			sourceTree = "<group>";
		};
/* End PBXGroup section */

/* Begin PBXNativeTarget section */
		D883A3011D3534B9002840C1 /* digitalLeashChildApp */ = {
			isa = PBXNativeTarget;
			buildConfigurationList = D883A3241D3534B9002840C1 /* Build configuration list for PBXNativeTarget "digitalLeashChildApp" */;
			buildPhases = (
				D883A2FE1D3534B9002840C1 /* Sources */,
				D883A2FF1D3534B9002840C1 /* Frameworks */,
				D883A3001D3534B9002840C1 /* Resources */,
			);
			buildRules = (
			);
			dependencies = (
			);
			name = digitalLeashChildApp;
			productName = digitalLeashChildApp;
			productReference = D883A3021D3534B9002840C1 /* digitalLeashChildApp.app */;
			productType = "com.apple.product-type.application";
		};
		D883A31A1D3534B9002840C1 /* digitalLeashChildAppUITests */ = {
			isa = PBXNativeTarget;
			buildConfigurationList = D883A3271D3534B9002840C1 /* Build configuration list for PBXNativeTarget "digitalLeashChildAppUITests" */;
			buildPhases = (
				D883A3171D3534B9002840C1 /* Sources */,
				D883A3181D3534B9002840C1 /* Frameworks */,
				D883A3191D3534B9002840C1 /* Resources */,
			);
			buildRules = (
			);
			dependencies = (
				D883A31D1D3534B9002840C1 /* PBXTargetDependency */,
			);
			name = digitalLeashChildAppUITests;
			productName = digitalLeashChildAppUITests;
			productReference = D883A31B1D3534B9002840C1 /* digitalLeashChildAppUITests.xctest */;
			productType = "com.apple.product-type.bundle.ui-testing";
		};
/* End PBXNativeTarget section */

/* Begin PBXProject section */
		D883A2FA1D3534B9002840C1 /* Project object */ = {
			isa = PBXProject;
			attributes = {
				LastUpgradeCheck = 0730;
				ORGANIZATIONNAME = TurnToTech;
				TargetAttributes = {
					D883A3011D3534B9002840C1 = {
						CreatedOnToolsVersion = 7.3.1;
					};
					D883A31A1D3534B9002840C1 = {
						CreatedOnToolsVersion = 7.3.1;
						TestTargetID = D883A3011D3534B9002840C1;
					};
				};
			};
			buildConfigurationList = D883A2FD1D3534B9002840C1 /* Build configuration list for PBXProject "digitalLeashChildApp" */;
			compatibilityVersion = "Xcode 3.2";
			developmentRegion = English;
			hasScannedForEncodings = 0;
			knownRegions = (
				en,
				Base,
			);
			mainGroup = D883A2F91D3534B9002840C1;
			productRefGroup = D883A3031D3534B9002840C1 /* Products */;
			projectDirPath = "";
			projectRoot = "";
			targets = (
				D883A3011D3534B9002840C1 /* digitalLeashChildApp */,
				D883A31A1D3534B9002840C1 /* digitalLeashChildAppUITests */,
			);
		};
/* End PBXProject section */

/* Begin PBXResourcesBuildPhase section */
		D883A3001D3534B9002840C1 /* Resources */ = {
			isa = PBXResourcesBuildPhase;
			buildActionMask = 2147483647;
			files = (
				D883A3151D3534B9002840C1 /* LaunchScreen.storyboard in Resources */,
				D883A3121D3534B9002840C1 /* Assets.xcassets in Resources */,
				D883A3101D3534B9002840C1 /* Main.storyboard in Resources */,
			);
			runOnlyForDeploymentPostprocessing = 0;
		};
		D883A3191D3534B9002840C1 /* Resources */ = {
			isa = PBXResourcesBuildPhase;
			buildActionMask = 2147483647;
			files = (
			);
			runOnlyForDeploymentPostprocessing = 0;
		};
/* End PBXResourcesBuildPhase section */

/* Begin PBXSourcesBuildPhase section */
		D883A2FE1D3534B9002840C1 /* Sources */ = {
			isa = PBXSourcesBuildPhase;
			buildActionMask = 2147483647;
			files = (
				D82BEE6C1D3E7CE2002FD22C /* SecondViewController.m in Sources */,
				D883A30D1D3534B9002840C1 /* ViewController.m in Sources */,
				D883A30A1D3534B9002840C1 /* AppDelegate.m in Sources */,
				D883A3071D3534B9002840C1 /* main.m in Sources */,
			);
			runOnlyForDeploymentPostprocessing = 0;
		};
		D883A3171D3534B9002840C1 /* Sources */ = {
			isa = PBXSourcesBuildPhase;
			buildActionMask = 2147483647;
			files = (
				D883A3201D3534B9002840C1 /* digitalLeashChildAppUITests.m in Sources */,
			);
			runOnlyForDeploymentPostprocessing = 0;
		};
/* End PBXSourcesBuildPhase section */

/* Begin PBXTargetDependency section */
		D883A31D1D3534B9002840C1 /* PBXTargetDependency */ = {
			isa = PBXTargetDependency;
			target = D883A3011D3534B9002840C1 /* digitalLeashChildApp */;
			targetProxy = D883A31C1D3534B9002840C1 /* PBXContainerItemProxy */;
		};
/* End PBXTargetDependency section */

/* Begin PBXVariantGroup section */
		D883A30E1D3534B9002840C1 /* Main.storyboard */ = {
			isa = PBXVariantGroup;
			children = (
				D883A30F1D3534B9002840C1 /* Base */,
			);
			name = Main.storyboard;
			sourceTree = "<group>";
		};
		D883A3131D3534B9002840C1 /* LaunchScreen.storyboard */ = {
			isa = PBXVariantGroup;
			children = (
				D883A3141D3534B9002840C1 /* Base */,
			);
			name = LaunchScreen.storyboard;
			sourceTree = "<group>";
		};
/* End PBXVariantGroup section */

/* Begin XCBuildConfiguration section */
		D883A3221D3534B9002840C1 /* Debug */ = {
			isa = XCBuildConfiguration;
			buildSettings = {
				ALWAYS_SEARCH_USER_PATHS = NO;
				CLANG_ANALYZER_NONNULL = YES;
				CLANG_CXX_LANGUAGE_STANDARD = "gnu++0x";
				CLANG_CXX_LIBRARY = "libc++";
				CLANG_ENABLE_MODULES = YES;
				CLANG_ENABLE_OBJC_ARC = YES;
				CLANG_WARN_BOOL_CONVERSION = YES;
				CLANG_WARN_CONSTANT_CONVERSION = YES;
				CLANG_WARN_DIRECT_OBJC_ISA_USAGE = YES_ERROR;
				CLANG_WARN_EMPTY_BODY = YES;
				CLANG_WARN_ENUM_CONVERSION = YES;
				CLANG_WARN_INT_CONVERSION = YES;
				CLANG_WARN_OBJC_ROOT_CLASS = YES_ERROR;
				CLANG_WARN_UNREACHABLE_CODE = YES;
				CLANG_WARN__DUPLICATE_METHOD_MATCH = YES;
				"CODE_SIGN_IDENTITY[sdk=iphoneos*]" = "iPhone Developer";
				COPY_PHASE_STRIP = NO;
				DEBUG_INFORMATION_FORMAT = dwarf;
				ENABLE_STRICT_OBJC_MSGSEND = YES;
				ENABLE_TESTABILITY = YES;
				GCC_C_LANGUAGE_STANDARD = gnu99;
				GCC_DYNAMIC_NO_PIC = NO;
				GCC_NO_COMMON_BLOCKS = YES;
				GCC_OPTIMIZATION_LEVEL = 0;
				GCC_PREPROCESSOR_DEFINITIONS = (
					"DEBUG=1",
					"$(inherited)",
				);
				GCC_WARN_64_TO_32_BIT_CONVERSION = YES;
				GCC_WARN_ABOUT_RETURN_TYPE = YES_ERROR;
				GCC_WARN_UNDECLARED_SELECTOR = YES;
				GCC_WARN_UNINITIALIZED_AUTOS = YES_AGGRESSIVE;
				GCC_WARN_UNUSED_FUNCTION = YES;
				GCC_WARN_UNUSED_VARIABLE = YES;
				IPHONEOS_DEPLOYMENT_TARGET = 9.3;
				MTL_ENABLE_DEBUG_INFO = YES;
				ONLY_ACTIVE_ARCH = YES;
				SDKROOT = iphoneos;
			};
			name = Debug;
		};
		D883A3231D3534B9002840C1 /* Release */ = {
			isa = XCBuildConfiguration;
			buildSettings = {
				ALWAYS_SEARCH_USER_PATHS = NO;
				CLANG_ANALYZER_NONNULL = YES;
				CLANG_CXX_LANGUAGE_STANDARD = "gnu++0x";
				CLANG_CXX_LIBRARY = "libc++";
				CLANG_ENABLE_MODULES = YES;
				CLANG_ENABLE_OBJC_ARC = YES;
				CLANG_WARN_BOOL_CONVERSION = YES;
				CLANG_WARN_CONSTANT_CONVERSION = YES;
				CLANG_WARN_DIRECT_OBJC_ISA_USAGE = YES_ERROR;
				CLANG_WARN_EMPTY_BODY = YES;
				CLANG_WARN_ENUM_CONVERSION = YES;
				CLANG_WARN_INT_CONVERSION = YES;
				CLANG_WARN_OBJC_ROOT_CLASS = YES_ERROR;
				CLANG_WARN_UNREACHABLE_CODE = YES;
				CLANG_WARN__DUPLICATE_METHOD_MATCH = YES;
				"CODE_SIGN_IDENTITY[sdk=iphoneos*]" = "iPhone Developer";
				COPY_PHASE_STRIP = NO;
				DEBUG_INFORMATION_FORMAT = "dwarf-with-dsym";
				ENABLE_NS_ASSERTIONS = NO;
				ENABLE_STRICT_OBJC_MSGSEND = YES;
				GCC_C_LANGUAGE_STANDARD = gnu99;
				GCC_NO_COMMON_BLOCKS = YES;
				GCC_WARN_64_TO_32_BIT_CONVERSION = YES;
				GCC_WARN_ABOUT_RETURN_TYPE = YES_ERROR;
				GCC_WARN_UNDECLARED_SELECTOR = YES;
				GCC_WARN_UNINITIALIZED_AUTOS = YES_AGGRESSIVE;
				GCC_WARN_UNUSED_FUNCTION = YES;
				GCC_WARN_UNUSED_VARIABLE = YES;
				IPHONEOS_DEPLOYMENT_TARGET = 9.3;
				MTL_ENABLE_DEBUG_INFO = NO;
				SDKROOT = iphoneos;
				VALIDATE_PRODUCT = YES;
			};
			name = Release;
		};
		D883A3251D3534B9002840C1 /* Debug */ = {
			isa = XCBuildConfiguration;
			buildSettings = {
				ASSETCATALOG_COMPILER_APPICON_NAME = AppIcon;
				INFOPLIST_FILE = digitalLeashChildApp/Info.plist;
				LD_RUNPATH_SEARCH_PATHS = "$(inherited) @executable_path/Frameworks";
				PRODUCT_BUNDLE_IDENTIFIER = turntotech.io.digitalLeashChildApp;
				PRODUCT_NAME = "$(TARGET_NAME)";
			};
			name = Debug;
		};
		D883A3261D3534B9002840C1 /* Release */ = {
			isa = XCBuildConfiguration;
			buildSettings = {
				ASSETCATALOG_COMPILER_APPICON_NAME = AppIcon;
				INFOPLIST_FILE = digitalLeashChildApp/Info.plist;
				LD_RUNPATH_SEARCH_PATHS = "$(inherited) @executable_path/Frameworks";
				PRODUCT_BUNDLE_IDENTIFIER = turntotech.io.digitalLeashChildApp;
				PRODUCT_NAME = "$(TARGET_NAME)";
			};
			name = Release;
		};
		D883A3281D3534B9002840C1 /* Debug */ = {
			isa = XCBuildConfiguration;
			buildSettings = {
				INFOPLIST_FILE = digitalLeashChildAppUITests/Info.plist;
				LD_RUNPATH_SEARCH_PATHS = "$(inherited) @executable_path/Frameworks @loader_path/Frameworks";
				PRODUCT_BUNDLE_IDENTIFIER = turntotech.io.digitalLeashChildAppUITests;
				PRODUCT_NAME = "$(TARGET_NAME)";
				TEST_TARGET_NAME = digitalLeashChildApp;
			};
			name = Debug;
		};
		D883A3291D3534B9002840C1 /* Release */ = {
			isa = XCBuildConfiguration;
			buildSettings = {
				INFOPLIST_FILE = digitalLeashChildAppUITests/Info.plist;
				LD_RUNPATH_SEARCH_PATHS = "$(inherited) @executable_path/Frameworks @loader_path/Frameworks";
				PRODUCT_BUNDLE_IDENTIFIER = turntotech.io.digitalLeashChildAppUITests;
				PRODUCT_NAME = "$(TARGET_NAME)";
				TEST_TARGET_NAME = digitalLeashChildApp;
			};
			name = Release;
		};
/* End XCBuildConfiguration section */

/* Begin XCConfigurationList section */
		D883A2FD1D3534B9002840C1 /* Build configuration list for PBXProject "digitalLeashChildApp" */ = {
			isa = XCConfigurationList;
			buildConfigurations = (
				D883A3221D3534B9002840C1 /* Debug */,
				D883A3231D3534B9002840C1 /* Release */,
			);
			defaultConfigurationIsVisible = 0;
			defaultConfigurationName = Release;
		};
		D883A3241D3534B9002840C1 /* Build configuration list for PBXNativeTarget "digitalLeashChildApp" */ = {
			isa = XCConfigurationList;
			buildConfigurations = (
				D883A3251D3534B9002840C1 /* Debug */,
				D883A3261D3534B9002840C1 /* Release */,
			);
			defaultConfigurationIsVisible = 0;
			defaultConfigurationName = Release;
		};
		D883A3271D3534B9002840C1 /* Build configuration list for PBXNativeTarget "digitalLeashChildAppUITests" */ = {
			isa = XCConfigurationList;
			buildConfigurations = (
				D883A3281D3534B9002840C1 /* Debug */,
				D883A3291D3534B9002840C1 /* Release */,
			);
			defaultConfigurationIsVisible = 0;
			defaultConfigurationName = Release;
		};
/* End XCConfigurationList section */
	};
	rootObject = D883A2FA1D3534B9002840C1 /* Project object */;
}
