// !$*UTF8*$!
{
	archiveVersion = 1;
	classes = {
	};
	objectVersion = 46;
	objects = {

/* Begin PBXBuildFile section */
		D88D3FB11D40253C00F4D531 /* ViewController.m in Sources */ = {isa = PBXBuildFile; fileRef = D88D3FB01D40253C00F4D531 /* ViewController.m */; };
		D8E8A7B91D3FEBE500BF93D3 /* main.m in Sources */ = {isa = PBXBuildFile; fileRef = D8E8A7B81D3FEBE500BF93D3 /* main.m */; };
		D8E8A7BC1D3FEBE500BF93D3 /* AppDelegate.m in Sources */ = {isa = PBXBuildFile; fileRef = D8E8A7BB1D3FEBE500BF93D3 /* AppDelegate.m */; };
		D8E8A7C21D3FEBE500BF93D3 /* Main.storyboard in Resources */ = {isa = PBXBuildFile; fileRef = D8E8A7C01D3FEBE500BF93D3 /* Main.storyboard */; };
		D8E8A7C41D3FEBE500BF93D3 /* Assets.xcassets in Resources */ = {isa = PBXBuildFile; fileRef = D8E8A7C31D3FEBE500BF93D3 /* Assets.xcassets */; };
		D8E8A7C71D3FEBE500BF93D3 /* LaunchScreen.storyboard in Resources */ = {isa = PBXBuildFile; fileRef = D8E8A7C51D3FEBE500BF93D3 /* LaunchScreen.storyboard */; };
		D8E8A7D21D3FEBE500BF93D3 /* Digital_Leash_test_1UITests.m in Sources */ = {isa = PBXBuildFile; fileRef = D8E8A7D11D3FEBE500BF93D3 /* Digital_Leash_test_1UITests.m */; };
/* End PBXBuildFile section */

/* Begin PBXContainerItemProxy section */
		D8E8A7CE1D3FEBE500BF93D3 /* PBXContainerItemProxy */ = {
			isa = PBXContainerItemProxy;
			containerPortal = D8E8A7AC1D3FEBE400BF93D3 /* Project object */;
			proxyType = 1;
			remoteGlobalIDString = D8E8A7B31D3FEBE400BF93D3;
			remoteInfo = "Digital Leash test 1";
		};
/* End PBXContainerItemProxy section */

/* Begin PBXFileReference section */
		D88D3FB01D40253C00F4D531 /* ViewController.m */ = {isa = PBXFileReference; fileEncoding = 4; lastKnownFileType = sourcecode.c.objc; name = ViewController.m; path = "../../../../../digital leash test/ViewController.m"; sourceTree = "<group>"; };
		D8E8A7B41D3FEBE400BF93D3 /* Digital Leash test 1.app */ = {isa = PBXFileReference; explicitFileType = wrapper.application; includeInIndex = 0; path = "Digital Leash test 1.app"; sourceTree = BUILT_PRODUCTS_DIR; };
		D8E8A7B81D3FEBE500BF93D3 /* main.m */ = {isa = PBXFileReference; lastKnownFileType = sourcecode.c.objc; path = main.m; sourceTree = "<group>"; };
		D8E8A7BA1D3FEBE500BF93D3 /* AppDelegate.h */ = {isa = PBXFileReference; lastKnownFileType = sourcecode.c.h; path = AppDelegate.h; sourceTree = "<group>"; };
		D8E8A7BB1D3FEBE500BF93D3 /* AppDelegate.m */ = {isa = PBXFileReference; lastKnownFileType = sourcecode.c.objc; path = AppDelegate.m; sourceTree = "<group>"; };
		D8E8A7BD1D3FEBE500BF93D3 /* ViewController.h */ = {isa = PBXFileReference; lastKnownFileType = sourcecode.c.h; path = ViewController.h; sourceTree = "<group>"; };
		D8E8A7C11D3FEBE500BF93D3 /* Base */ = {isa = PBXFileReference; lastKnownFileType = file.storyboard; name = Base; path = Base.lproj/Main.storyboard; sourceTree = "<group>"; };
		D8E8A7C31D3FEBE500BF93D3 /* Assets.xcassets */ = {isa = PBXFileReference; lastKnownFileType = folder.assetcatalog; path = Assets.xcassets; sourceTree = "<group>"; };
		D8E8A7C61D3FEBE500BF93D3 /* Base */ = {isa = PBXFileReference; lastKnownFileType = file.storyboard; name = Base; path = Base.lproj/LaunchScreen.storyboard; sourceTree = "<group>"; };
		D8E8A7C81D3FEBE500BF93D3 /* Info.plist */ = {isa = PBXFileReference; lastKnownFileType = text.plist.xml; path = Info.plist; sourceTree = "<group>"; };
		D8E8A7CD1D3FEBE500BF93D3 /* Digital Leash test 1UITests.xctest */ = {isa = PBXFileReference; explicitFileType = wrapper.cfbundle; includeInIndex = 0; path = "Digital Leash test 1UITests.xctest"; sourceTree = BUILT_PRODUCTS_DIR; };
		D8E8A7D11D3FEBE500BF93D3 /* Digital_Leash_test_1UITests.m */ = {isa = PBXFileReference; lastKnownFileType = sourcecode.c.objc; path = Digital_Leash_test_1UITests.m; sourceTree = "<group>"; };
		D8E8A7D31D3FEBE500BF93D3 /* Info.plist */ = {isa = PBXFileReference; lastKnownFileType = text.plist.xml; path = Info.plist; sourceTree = "<group>"; };
/* End PBXFileReference section */

/* Begin PBXFrameworksBuildPhase section */
		D8E8A7B11D3FEBE400BF93D3 /* Frameworks */ = {
			isa = PBXFrameworksBuildPhase;
			buildActionMask = 2147483647;
			files = (
			);
			runOnlyForDeploymentPostprocessing = 0;
		};
		D8E8A7CA1D3FEBE500BF93D3 /* Frameworks */ = {
			isa = PBXFrameworksBuildPhase;
			buildActionMask = 2147483647;
			files = (
			);
			runOnlyForDeploymentPostprocessing = 0;
		};
/* End PBXFrameworksBuildPhase section */

/* Begin PBXGroup section */
		D8E8A7AB1D3FEBE400BF93D3 = {
			isa = PBXGroup;
			children = (
				D8E8A7B61D3FEBE400BF93D3 /* Digital Leash test 1 */,
				D8E8A7D01D3FEBE500BF93D3 /* Digital Leash test 1UITests */,
				D8E8A7B51D3FEBE400BF93D3 /* Products */,
			);
			sourceTree = "<group>";
		};
		D8E8A7B51D3FEBE400BF93D3 /* Products */ = {
			isa = PBXGroup;
			children = (
				D8E8A7B41D3FEBE400BF93D3 /* Digital Leash test 1.app */,
				D8E8A7CD1D3FEBE500BF93D3 /* Digital Leash test 1UITests.xctest */,
			);
			name = Products;
			sourceTree = "<group>";
		};
		D8E8A7B61D3FEBE400BF93D3 /* Digital Leash test 1 */ = {
			isa = PBXGroup;
			children = (
				D8E8A7BA1D3FEBE500BF93D3 /* AppDelegate.h */,
				D8E8A7BB1D3FEBE500BF93D3 /* AppDelegate.m */,
				D88D3FB01D40253C00F4D531 /* ViewController.m */,
				D8E8A7BD1D3FEBE500BF93D3 /* ViewController.h */,
				D8E8A7C01D3FEBE500BF93D3 /* Main.storyboard */,
				D8E8A7C31D3FEBE500BF93D3 /* Assets.xcassets */,
				D8E8A7C51D3FEBE500BF93D3 /* LaunchScreen.storyboard */,
				D8E8A7C81D3FEBE500BF93D3 /* Info.plist */,
				D8E8A7B71D3FEBE500BF93D3 /* Supporting Files */,
			);
			path = "Digital Leash test 1";
			sourceTree = "<group>";
		};
		D8E8A7B71D3FEBE500BF93D3 /* Supporting Files */ = {
			isa = PBXGroup;
			children = (
				D8E8A7B81D3FEBE500BF93D3 /* main.m */,
			);
			name = "Supporting Files";
			sourceTree = "<group>";
		};
		D8E8A7D01D3FEBE500BF93D3 /* Digital Leash test 1UITests */ = {
			isa = PBXGroup;
			children = (
				D8E8A7D11D3FEBE500BF93D3 /* Digital_Leash_test_1UITests.m */,
				D8E8A7D31D3FEBE500BF93D3 /* Info.plist */,
			);
			path = "Digital Leash test 1UITests";
			sourceTree = "<group>";
		};
/* End PBXGroup section */

/* Begin PBXNativeTarget section */
		D8E8A7B31D3FEBE400BF93D3 /* Digital Leash test 1 */ = {
			isa = PBXNativeTarget;
			buildConfigurationList = D8E8A7D61D3FEBE500BF93D3 /* Build configuration list for PBXNativeTarget "Digital Leash test 1" */;
			buildPhases = (
				D8E8A7B01D3FEBE400BF93D3 /* Sources */,
				D8E8A7B11D3FEBE400BF93D3 /* Frameworks */,
				D8E8A7B21D3FEBE400BF93D3 /* Resources */,
			);
			buildRules = (
			);
			dependencies = (
			);
			name = "Digital Leash test 1";
			productName = "Digital Leash test 1";
			productReference = D8E8A7B41D3FEBE400BF93D3 /* Digital Leash test 1.app */;
			productType = "com.apple.product-type.application";
		};
		D8E8A7CC1D3FEBE500BF93D3 /* Digital Leash test 1UITests */ = {
			isa = PBXNativeTarget;
			buildConfigurationList = D8E8A7D91D3FEBE500BF93D3 /* Build configuration list for PBXNativeTarget "Digital Leash test 1UITests" */;
			buildPhases = (
				D8E8A7C91D3FEBE500BF93D3 /* Sources */,
				D8E8A7CA1D3FEBE500BF93D3 /* Frameworks */,
				D8E8A7CB1D3FEBE500BF93D3 /* Resources */,
			);
			buildRules = (
			);
			dependencies = (
				D8E8A7CF1D3FEBE500BF93D3 /* PBXTargetDependency */,
			);
			name = "Digital Leash test 1UITests";
			productName = "Digital Leash test 1UITests";
			productReference = D8E8A7CD1D3FEBE500BF93D3 /* Digital Leash test 1UITests.xctest */;
			productType = "com.apple.product-type.bundle.ui-testing";
		};
/* End PBXNativeTarget section */

/* Begin PBXProject section */
		D8E8A7AC1D3FEBE400BF93D3 /* Project object */ = {
			isa = PBXProject;
			attributes = {
				LastUpgradeCheck = 0730;
				ORGANIZATIONNAME = TurnToTech;
				TargetAttributes = {
					D8E8A7B31D3FEBE400BF93D3 = {
						CreatedOnToolsVersion = 7.3.1;
					};
					D8E8A7CC1D3FEBE500BF93D3 = {
						CreatedOnToolsVersion = 7.3.1;
						TestTargetID = D8E8A7B31D3FEBE400BF93D3;
					};
				};
			};
			buildConfigurationList = D8E8A7AF1D3FEBE400BF93D3 /* Build configuration list for PBXProject "Digital Leash test 1" */;
			compatibilityVersion = "Xcode 3.2";
			developmentRegion = English;
			hasScannedForEncodings = 0;
			knownRegions = (
				en,
				Base,
			);
			mainGroup = D8E8A7AB1D3FEBE400BF93D3;
			productRefGroup = D8E8A7B51D3FEBE400BF93D3 /* Products */;
			projectDirPath = "";
			projectRoot = "";
			targets = (
				D8E8A7B31D3FEBE400BF93D3 /* Digital Leash test 1 */,
				D8E8A7CC1D3FEBE500BF93D3 /* Digital Leash test 1UITests */,
			);
		};
/* End PBXProject section */

/* Begin PBXResourcesBuildPhase section */
		D8E8A7B21D3FEBE400BF93D3 /* Resources */ = {
			isa = PBXResourcesBuildPhase;
			buildActionMask = 2147483647;
			files = (
				D8E8A7C71D3FEBE500BF93D3 /* LaunchScreen.storyboard in Resources */,
				D8E8A7C41D3FEBE500BF93D3 /* Assets.xcassets in Resources */,
				D8E8A7C21D3FEBE500BF93D3 /* Main.storyboard in Resources */,
			);
			runOnlyForDeploymentPostprocessing = 0;
		};
		D8E8A7CB1D3FEBE500BF93D3 /* Resources */ = {
			isa = PBXResourcesBuildPhase;
			buildActionMask = 2147483647;
			files = (
			);
			runOnlyForDeploymentPostprocessing = 0;
		};
/* End PBXResourcesBuildPhase section */

/* Begin PBXSourcesBuildPhase section */
		D8E8A7B01D3FEBE400BF93D3 /* Sources */ = {
			isa = PBXSourcesBuildPhase;
			buildActionMask = 2147483647;
			files = (
				D8E8A7BC1D3FEBE500BF93D3 /* AppDelegate.m in Sources */,
				D88D3FB11D40253C00F4D531 /* ViewController.m in Sources */,
				D8E8A7B91D3FEBE500BF93D3 /* main.m in Sources */,
			);
			runOnlyForDeploymentPostprocessing = 0;
		};
		D8E8A7C91D3FEBE500BF93D3 /* Sources */ = {
			isa = PBXSourcesBuildPhase;
			buildActionMask = 2147483647;
			files = (
				D8E8A7D21D3FEBE500BF93D3 /* Digital_Leash_test_1UITests.m in Sources */,
			);
			runOnlyForDeploymentPostprocessing = 0;
		};
/* End PBXSourcesBuildPhase section */

/* Begin PBXTargetDependency section */
		D8E8A7CF1D3FEBE500BF93D3 /* PBXTargetDependency */ = {
			isa = PBXTargetDependency;
			target = D8E8A7B31D3FEBE400BF93D3 /* Digital Leash test 1 */;
			targetProxy = D8E8A7CE1D3FEBE500BF93D3 /* PBXContainerItemProxy */;
		};
/* End PBXTargetDependency section */

/* Begin PBXVariantGroup section */
		D8E8A7C01D3FEBE500BF93D3 /* Main.storyboard */ = {
			isa = PBXVariantGroup;
			children = (
				D8E8A7C11D3FEBE500BF93D3 /* Base */,
			);
			name = Main.storyboard;
			sourceTree = "<group>";
		};
		D8E8A7C51D3FEBE500BF93D3 /* LaunchScreen.storyboard */ = {
			isa = PBXVariantGroup;
			children = (
				D8E8A7C61D3FEBE500BF93D3 /* Base */,
			);
			name = LaunchScreen.storyboard;
			sourceTree = "<group>";
		};
/* End PBXVariantGroup section */

/* Begin XCBuildConfiguration section */
		D8E8A7D41D3FEBE500BF93D3 /* Debug */ = {
			isa = XCBuildConfiguration;
			buildSettings = {
				ALWAYS_SEARCH_USER_PATHS = NO;
				CLANG_ANALYZER_NONNULL = YES;
				CLANG_CXX_LANGUAGE_STANDARD = "gnu++0x";
				CLANG_CXX_LIBRARY = "libc++";
				CLANG_ENABLE_MODULES = YES;
				CLANG_ENABLE_OBJC_ARC = YES;
				CLANG_WARN_BOOL_CONVERSION = YES;
				CLANG_WARN_CONSTANT_CONVERSION = YES;
				CLANG_WARN_DIRECT_OBJC_ISA_USAGE = YES_ERROR;
				CLANG_WARN_EMPTY_BODY = YES;
				CLANG_WARN_ENUM_CONVERSION = YES;
				CLANG_WARN_INT_CONVERSION = YES;
				CLANG_WARN_OBJC_ROOT_CLASS = YES_ERROR;
				CLANG_WARN_UNREACHABLE_CODE = YES;
				CLANG_WARN__DUPLICATE_METHOD_MATCH = YES;
				"CODE_SIGN_IDENTITY[sdk=iphoneos*]" = "iPhone Developer";
				COPY_PHASE_STRIP = NO;
				DEBUG_INFORMATION_FORMAT = dwarf;
				ENABLE_STRICT_OBJC_MSGSEND = YES;
				ENABLE_TESTABILITY = YES;
				GCC_C_LANGUAGE_STANDARD = gnu99;
				GCC_DYNAMIC_NO_PIC = NO;
				GCC_NO_COMMON_BLOCKS = YES;
				GCC_OPTIMIZATION_LEVEL = 0;
				GCC_PREPROCESSOR_DEFINITIONS = (
					"DEBUG=1",
					"$(inherited)",
				);
				GCC_WARN_64_TO_32_BIT_CONVERSION = YES;
				GCC_WARN_ABOUT_RETURN_TYPE = YES_ERROR;
				GCC_WARN_UNDECLARED_SELECTOR = YES;
				GCC_WARN_UNINITIALIZED_AUTOS = YES_AGGRESSIVE;
				GCC_WARN_UNUSED_FUNCTION = YES;
				GCC_WARN_UNUSED_VARIABLE = YES;
				IPHONEOS_DEPLOYMENT_TARGET = 9.3;
				MTL_ENABLE_DEBUG_INFO = YES;
				ONLY_ACTIVE_ARCH = YES;
				SDKROOT = iphoneos;
			};
			name = Debug;
		};
		D8E8A7D51D3FEBE500BF93D3 /* Release */ = {
			isa = XCBuildConfiguration;
			buildSettings = {
				ALWAYS_SEARCH_USER_PATHS = NO;
				CLANG_ANALYZER_NONNULL = YES;
				CLANG_CXX_LANGUAGE_STANDARD = "gnu++0x";
				CLANG_CXX_LIBRARY = "libc++";
				CLANG_ENABLE_MODULES = YES;
				CLANG_ENABLE_OBJC_ARC = YES;
				CLANG_WARN_BOOL_CONVERSION = YES;
				CLANG_WARN_CONSTANT_CONVERSION = YES;
				CLANG_WARN_DIRECT_OBJC_ISA_USAGE = YES_ERROR;
				CLANG_WARN_EMPTY_BODY = YES;
				CLANG_WARN_ENUM_CONVERSION = YES;
				CLANG_WARN_INT_CONVERSION = YES;
				CLANG_WARN_OBJC_ROOT_CLASS = YES_ERROR;
				CLANG_WARN_UNREACHABLE_CODE = YES;
				CLANG_WARN__DUPLICATE_METHOD_MATCH = YES;
				"CODE_SIGN_IDENTITY[sdk=iphoneos*]" = "iPhone Developer";
				COPY_PHASE_STRIP = NO;
				DEBUG_INFORMATION_FORMAT = "dwarf-with-dsym";
				ENABLE_NS_ASSERTIONS = NO;
				ENABLE_STRICT_OBJC_MSGSEND = YES;
				GCC_C_LANGUAGE_STANDARD = gnu99;
				GCC_NO_COMMON_BLOCKS = YES;
				GCC_WARN_64_TO_32_BIT_CONVERSION = YES;
				GCC_WARN_ABOUT_RETURN_TYPE = YES_ERROR;
				GCC_WARN_UNDECLARED_SELECTOR = YES;
				GCC_WARN_UNINITIALIZED_AUTOS = YES_AGGRESSIVE;
				GCC_WARN_UNUSED_FUNCTION = YES;
				GCC_WARN_UNUSED_VARIABLE = YES;
				IPHONEOS_DEPLOYMENT_TARGET = 9.3;
				MTL_ENABLE_DEBUG_INFO = NO;
				SDKROOT = iphoneos;
				VALIDATE_PRODUCT = YES;
			};
			name = Release;
		};
		D8E8A7D71D3FEBE500BF93D3 /* Debug */ = {
			isa = XCBuildConfiguration;
			buildSettings = {
				ASSETCATALOG_COMPILER_APPICON_NAME = AppIcon;
				INFOPLIST_FILE = "Digital Leash test 1/Info.plist";
				LD_RUNPATH_SEARCH_PATHS = "$(inherited) @executable_path/Frameworks";
				PRODUCT_BUNDLE_IDENTIFIER = "turntotech.io.Digital-Leash-test-1";
				PRODUCT_NAME = "$(TARGET_NAME)";
			};
			name = Debug;
		};
		D8E8A7D81D3FEBE500BF93D3 /* Release */ = {
			isa = XCBuildConfiguration;
			buildSettings = {
				ASSETCATALOG_COMPILER_APPICON_NAME = AppIcon;
				INFOPLIST_FILE = "Digital Leash test 1/Info.plist";
				LD_RUNPATH_SEARCH_PATHS = "$(inherited) @executable_path/Frameworks";
				PRODUCT_BUNDLE_IDENTIFIER = "turntotech.io.Digital-Leash-test-1";
				PRODUCT_NAME = "$(TARGET_NAME)";
			};
			name = Release;
		};
		D8E8A7DA1D3FEBE500BF93D3 /* Debug */ = {
			isa = XCBuildConfiguration;
			buildSettings = {
				INFOPLIST_FILE = "Digital Leash test 1UITests/Info.plist";
				LD_RUNPATH_SEARCH_PATHS = "$(inherited) @executable_path/Frameworks @loader_path/Frameworks";
				PRODUCT_BUNDLE_IDENTIFIER = "turntotech.io.Digital-Leash-test-1UITests";
				PRODUCT_NAME = "$(TARGET_NAME)";
				TEST_TARGET_NAME = "Digital Leash test 1";
			};
			name = Debug;
		};
		D8E8A7DB1D3FEBE500BF93D3 /* Release */ = {
			isa = XCBuildConfiguration;
			buildSettings = {
				INFOPLIST_FILE = "Digital Leash test 1UITests/Info.plist";
				LD_RUNPATH_SEARCH_PATHS = "$(inherited) @executable_path/Frameworks @loader_path/Frameworks";
				PRODUCT_BUNDLE_IDENTIFIER = "turntotech.io.Digital-Leash-test-1UITests";
				PRODUCT_NAME = "$(TARGET_NAME)";
				TEST_TARGET_NAME = "Digital Leash test 1";
			};
			name = Release;
		};
/* End XCBuildConfiguration section */

/* Begin XCConfigurationList section */
		D8E8A7AF1D3FEBE400BF93D3 /* Build configuration list for PBXProject "Digital Leash test 1" */ = {
			isa = XCConfigurationList;
			buildConfigurations = (
				D8E8A7D41D3FEBE500BF93D3 /* Debug */,
				D8E8A7D51D3FEBE500BF93D3 /* Release */,
			);
			defaultConfigurationIsVisible = 0;
			defaultConfigurationName = Release;
		};
		D8E8A7D61D3FEBE500BF93D3 /* Build configuration list for PBXNativeTarget "Digital Leash test 1" */ = {
			isa = XCConfigurationList;
			buildConfigurations = (
				D8E8A7D71D3FEBE500BF93D3 /* Debug */,
				D8E8A7D81D3FEBE500BF93D3 /* Release */,
			);
			defaultConfigurationIsVisible = 0;
			defaultConfigurationName = Release;
		};
		D8E8A7D91D3FEBE500BF93D3 /* Build configuration list for PBXNativeTarget "Digital Leash test 1UITests" */ = {
			isa = XCConfigurationList;
			buildConfigurations = (
				D8E8A7DA1D3FEBE500BF93D3 /* Debug */,
				D8E8A7DB1D3FEBE500BF93D3 /* Release */,
			);
			defaultConfigurationIsVisible = 0;
			defaultConfigurationName = Release;
		};
/* End XCConfigurationList section */
	};
	rootObject = D8E8A7AC1D3FEBE400BF93D3 /* Project object */;
}
